// !$*UTF8*$!
{
	archiveVersion = 1;
	classes = {
	};
	objectVersion = 50;
	objects = {

/* Begin PBXBuildFile section */
		156E636B245578A500CF04A0 /* Assets.xcassets in Resources */ = {isa = PBXBuildFile; fileRef = 156E636A245578A500CF04A0 /* Assets.xcassets */; };
		156E636E245578A500CF04A0 /* MainMenu.xib in Resources */ = {isa = PBXBuildFile; fileRef = 156E636C245578A500CF04A0 /* MainMenu.xib */; };
		156E637A2455790600CF04A0 /* OpenGL.framework in Frameworks */ = {isa = PBXBuildFile; fileRef = 156E63792455790600CF04A0 /* OpenGL.framework */; };
		156E637C2455790F00CF04A0 /* GLUT.framework in Frameworks */ = {isa = PBXBuildFile; fileRef = 156E637B2455790F00CF04A0 /* GLUT.framework */; };
		156E638E2455797800CF04A0 /* libGLTools.a in Frameworks */ = {isa = PBXBuildFile; fileRef = 156E638D2455797800CF04A0 /* libGLTools.a */; };
		156E639024557C7200CF04A0 /* main.cpp in Sources */ = {isa = PBXBuildFile; fileRef = 156E638F24557C7200CF04A0 /* main.cpp */; };
/* End PBXBuildFile section */

/* Begin PBXFileReference section */
		15264DF62458373800F16ECF /* primitive.h */ = {isa = PBXFileReference; lastKnownFileType = sourcecode.c.h; path = primitive.h; sourceTree = "<group>"; };
		15264DF8245A844400F16ECF /* skill.h */ = {isa = PBXFileReference; lastKnownFileType = sourcecode.c.h; path = skill.h; sourceTree = "<group>"; };
		156E6364245578A300CF04A0 /* OpenGL.app */ = {isa = PBXFileReference; explicitFileType = wrapper.application; includeInIndex = 0; path = OpenGL.app; sourceTree = BUILT_PRODUCTS_DIR; };
		156E636A245578A500CF04A0 /* Assets.xcassets */ = {isa = PBXFileReference; lastKnownFileType = folder.assetcatalog; path = Assets.xcassets; sourceTree = "<group>"; };
		156E636D245578A500CF04A0 /* Base */ = {isa = PBXFileReference; lastKnownFileType = file.xib; name = Base; path = Base.lproj/MainMenu.xib; sourceTree = "<group>"; };
		156E636F245578A500CF04A0 /* Info.plist */ = {isa = PBXFileReference; lastKnownFileType = text.plist.xml; path = Info.plist; sourceTree = "<group>"; };
		156E6372245578A500CF04A0 /* OpenGL.entitlements */ = {isa = PBXFileReference; lastKnownFileType = text.plist.entitlements; path = OpenGL.entitlements; sourceTree = "<group>"; };
		156E63792455790600CF04A0 /* OpenGL.framework */ = {isa = PBXFileReference; lastKnownFileType = wrapper.framework; name = OpenGL.framework; path = System/Library/Frameworks/OpenGL.framework; sourceTree = SDKROOT; };
		156E637B2455790F00CF04A0 /* GLUT.framework */ = {isa = PBXFileReference; lastKnownFileType = wrapper.framework; name = GLUT.framework; path = System/Library/Frameworks/GLUT.framework; sourceTree = SDKROOT; };
		156E637E2455796400CF04A0 /* GLBatchBase.h */ = {isa = PBXFileReference; fileEncoding = 4; lastKnownFileType = sourcecode.c.h; path = GLBatchBase.h; sourceTree = "<group>"; };
		156E637F2455796400CF04A0 /* math3d.h */ = {isa = PBXFileReference; fileEncoding = 4; lastKnownFileType = sourcecode.c.h; path = math3d.h; sourceTree = "<group>"; };
		156E63802455796400CF04A0 /* GLTriangleBatch.h */ = {isa = PBXFileReference; fileEncoding = 4; lastKnownFileType = sourcecode.c.h; path = GLTriangleBatch.h; sourceTree = "<group>"; };
		156E63812455796400CF04A0 /* GLBatch.h */ = {isa = PBXFileReference; fileEncoding = 4; lastKnownFileType = sourcecode.c.h; path = GLBatch.h; sourceTree = "<group>"; };
		156E63822455796400CF04A0 /* GLMatrixStack.h */ = {isa = PBXFileReference; fileEncoding = 4; lastKnownFileType = sourcecode.c.h; path = GLMatrixStack.h; sourceTree = "<group>"; };
		156E63832455796400CF04A0 /* GLFrame.h */ = {isa = PBXFileReference; fileEncoding = 4; lastKnownFileType = sourcecode.c.h; path = GLFrame.h; sourceTree = "<group>"; };
		156E63842455796400CF04A0 /* GLFrustum.h */ = {isa = PBXFileReference; fileEncoding = 4; lastKnownFileType = sourcecode.c.h; path = GLFrustum.h; sourceTree = "<group>"; };
		156E63852455796400CF04A0 /* GLGeometryTransform.h */ = {isa = PBXFileReference; fileEncoding = 4; lastKnownFileType = sourcecode.c.h; path = GLGeometryTransform.h; sourceTree = "<group>"; };
		156E63862455796400CF04A0 /* GLShaderManager.h */ = {isa = PBXFileReference; fileEncoding = 4; lastKnownFileType = sourcecode.c.h; path = GLShaderManager.h; sourceTree = "<group>"; };
		156E63872455796400CF04A0 /* StopWatch.h */ = {isa = PBXFileReference; fileEncoding = 4; lastKnownFileType = sourcecode.c.h; path = StopWatch.h; sourceTree = "<group>"; };
		156E63892455796400CF04A0 /* glxew.h */ = {isa = PBXFileReference; fileEncoding = 4; lastKnownFileType = sourcecode.c.h; path = glxew.h; sourceTree = "<group>"; };
		156E638A2455796400CF04A0 /* wglew.h */ = {isa = PBXFileReference; fileEncoding = 4; lastKnownFileType = sourcecode.c.h; path = wglew.h; sourceTree = "<group>"; };
		156E638B2455796400CF04A0 /* glew.h */ = {isa = PBXFileReference; fileEncoding = 4; lastKnownFileType = sourcecode.c.h; path = glew.h; sourceTree = "<group>"; };
		156E638C2455796400CF04A0 /* GLTools.h */ = {isa = PBXFileReference; fileEncoding = 4; lastKnownFileType = sourcecode.c.h; path = GLTools.h; sourceTree = "<group>"; };
		156E638D2455797800CF04A0 /* libGLTools.a */ = {isa = PBXFileReference; lastKnownFileType = archive.ar; path = libGLTools.a; sourceTree = "<group>"; };
		156E638F24557C7200CF04A0 /* main.cpp */ = {isa = PBXFileReference; lastKnownFileType = sourcecode.cpp.cpp; path = main.cpp; sourceTree = "<group>"; };
		156E639524558B9000CF04A0 /* triangle.h */ = {isa = PBXFileReference; lastKnownFileType = sourcecode.c.h; path = triangle.h; sourceTree = "<group>"; };
		156E639824558D8900CF04A0 /* rectangle.h */ = {isa = PBXFileReference; lastKnownFileType = sourcecode.c.h; path = rectangle.h; sourceTree = "<group>"; };
		156E639A24559D5900CF04A0 /* graph.h */ = {isa = PBXFileReference; lastKnownFileType = sourcecode.c.h; path = graph.h; sourceTree = "<group>"; };
/* End PBXFileReference section */

/* Begin PBXFrameworksBuildPhase section */
		156E6361245578A300CF04A0 /* Frameworks */ = {
			isa = PBXFrameworksBuildPhase;
			buildActionMask = 2147483647;
			files = (
				156E638E2455797800CF04A0 /* libGLTools.a in Frameworks */,
				156E637C2455790F00CF04A0 /* GLUT.framework in Frameworks */,
				156E637A2455790600CF04A0 /* OpenGL.framework in Frameworks */,
			);
			runOnlyForDeploymentPostprocessing = 0;
		};
/* End PBXFrameworksBuildPhase section */

/* Begin PBXGroup section */
		15264DF52458371000F16ECF /* 2 */ = {
			isa = PBXGroup;
			children = (
				15264DF62458373800F16ECF /* primitive.h */,
			);
			path = 2;
			sourceTree = "<group>";
		};
		15264DF7245A7A4D00F16ECF /* 3 */ = {
			isa = PBXGroup;
			children = (
				15264DF8245A844400F16ECF /* skill.h */,
			);
			path = 3;
			sourceTree = "<group>";
		};
		156E635B245578A300CF04A0 = {
			isa = PBXGroup;
			children = (
				156E6366245578A300CF04A0 /* OpenGL */,
				156E6365245578A300CF04A0 /* Products */,
				156E63782455790600CF04A0 /* Frameworks */,
			);
			sourceTree = "<group>";
		};
		156E6365245578A300CF04A0 /* Products */ = {
			isa = PBXGroup;
			children = (
				156E6364245578A300CF04A0 /* OpenGL.app */,
			);
			name = Products;
			sourceTree = "<group>";
		};
		156E6366245578A300CF04A0 /* OpenGL */ = {
			isa = PBXGroup;
			children = (
				156E637D2455796400CF04A0 /* include */,
				156E63912455890200CF04A0 /* src */,
				156E636A245578A500CF04A0 /* Assets.xcassets */,
				156E636C245578A500CF04A0 /* MainMenu.xib */,
				156E636F245578A500CF04A0 /* Info.plist */,
				156E6372245578A500CF04A0 /* OpenGL.entitlements */,
				156E638F24557C7200CF04A0 /* main.cpp */,
			);
			path = OpenGL;
			sourceTree = "<group>";
		};
		156E63782455790600CF04A0 /* Frameworks */ = {
			isa = PBXGroup;
			children = (
				156E638D2455797800CF04A0 /* libGLTools.a */,
				156E637B2455790F00CF04A0 /* GLUT.framework */,
				156E63792455790600CF04A0 /* OpenGL.framework */,
			);
			name = Frameworks;
			sourceTree = "<group>";
		};
		156E637D2455796400CF04A0 /* include */ = {
			isa = PBXGroup;
			children = (
				156E63882455796400CF04A0 /* GL */,
				156E637E2455796400CF04A0 /* GLBatchBase.h */,
				156E637F2455796400CF04A0 /* math3d.h */,
				156E63802455796400CF04A0 /* GLTriangleBatch.h */,
				156E63812455796400CF04A0 /* GLBatch.h */,
				156E63822455796400CF04A0 /* GLMatrixStack.h */,
				156E63832455796400CF04A0 /* GLFrame.h */,
				156E63842455796400CF04A0 /* GLFrustum.h */,
				156E63852455796400CF04A0 /* GLGeometryTransform.h */,
				156E63862455796400CF04A0 /* GLShaderManager.h */,
				156E63872455796400CF04A0 /* StopWatch.h */,
				156E638C2455796400CF04A0 /* GLTools.h */,
			);
			path = include;
			sourceTree = "<group>";
		};
		156E63882455796400CF04A0 /* GL */ = {
			isa = PBXGroup;
			children = (
				156E63892455796400CF04A0 /* glxew.h */,
				156E638A2455796400CF04A0 /* wglew.h */,
				156E638B2455796400CF04A0 /* glew.h */,
			);
			path = GL;
			sourceTree = "<group>";
		};
		156E63912455890200CF04A0 /* src */ = {
			isa = PBXGroup;
			children = (
				156E639224558B4700CF04A0 /* 1 */,
				15264DF52458371000F16ECF /* 2 */,
				15264DF7245A7A4D00F16ECF /* 3 */,
			);
			path = src;
			sourceTree = "<group>";
		};
		156E639224558B4700CF04A0 /* 1 */ = {
			isa = PBXGroup;
			children = (
				156E639524558B9000CF04A0 /* triangle.h */,
				156E639824558D8900CF04A0 /* rectangle.h */,
				156E639A24559D5900CF04A0 /* graph.h */,
			);
			path = 1;
			sourceTree = "<group>";
		};
/* End PBXGroup section */

/* Begin PBXNativeTarget section */
		156E6363245578A300CF04A0 /* OpenGL */ = {
			isa = PBXNativeTarget;
			buildConfigurationList = 156E6375245578A500CF04A0 /* Build configuration list for PBXNativeTarget "OpenGL" */;
			buildPhases = (
				156E6360245578A300CF04A0 /* Sources */,
				156E6361245578A300CF04A0 /* Frameworks */,
				156E6362245578A300CF04A0 /* Resources */,
			);
			buildRules = (
			);
			dependencies = (
			);
			name = OpenGL;
			productName = OpenGL;
			productReference = 156E6364245578A300CF04A0 /* OpenGL.app */;
			productType = "com.apple.product-type.application";
		};
/* End PBXNativeTarget section */

/* Begin PBXProject section */
		156E635C245578A300CF04A0 /* Project object */ = {
			isa = PBXProject;
			attributes = {
				LastUpgradeCheck = 1140;
				ORGANIZATIONNAME = apple;
				TargetAttributes = {
					156E6363245578A300CF04A0 = {
						CreatedOnToolsVersion = 11.4;
					};
				};
			};
			buildConfigurationList = 156E635F245578A300CF04A0 /* Build configuration list for PBXProject "OpenGL" */;
			compatibilityVersion = "Xcode 9.3";
			developmentRegion = en;
			hasScannedForEncodings = 0;
			knownRegions = (
				en,
				Base,
			);
			mainGroup = 156E635B245578A300CF04A0;
			productRefGroup = 156E6365245578A300CF04A0 /* Products */;
			projectDirPath = "";
			projectRoot = "";
			targets = (
				156E6363245578A300CF04A0 /* OpenGL */,
			);
		};
/* End PBXProject section */

/* Begin PBXResourcesBuildPhase section */
		156E6362245578A300CF04A0 /* Resources */ = {
			isa = PBXResourcesBuildPhase;
			buildActionMask = 2147483647;
			files = (
				156E636B245578A500CF04A0 /* Assets.xcassets in Resources */,
				156E636E245578A500CF04A0 /* MainMenu.xib in Resources */,
			);
			runOnlyForDeploymentPostprocessing = 0;
		};
/* End PBXResourcesBuildPhase section */

/* Begin PBXSourcesBuildPhase section */
		156E6360245578A300CF04A0 /* Sources */ = {
			isa = PBXSourcesBuildPhase;
			buildActionMask = 2147483647;
			files = (
				156E639024557C7200CF04A0 /* main.cpp in Sources */,
			);
			runOnlyForDeploymentPostprocessing = 0;
		};
/* End PBXSourcesBuildPhase section */

/* Begin PBXVariantGroup section */
		156E636C245578A500CF04A0 /* MainMenu.xib */ = {
			isa = PBXVariantGroup;
			children = (
				156E636D245578A500CF04A0 /* Base */,
			);
			name = MainMenu.xib;
			sourceTree = "<group>";
		};
/* End PBXVariantGroup section */

/* Begin XCBuildConfiguration section */
		156E6373245578A500CF04A0 /* Debug */ = {
			isa = XCBuildConfiguration;
			buildSettings = {
				ALWAYS_SEARCH_USER_PATHS = NO;
				CLANG_ANALYZER_NONNULL = YES;
				CLANG_ANALYZER_NUMBER_OBJECT_CONVERSION = YES_AGGRESSIVE;
				CLANG_CXX_LANGUAGE_STANDARD = "gnu++14";
				CLANG_CXX_LIBRARY = "libc++";
				CLANG_ENABLE_MODULES = YES;
				CLANG_ENABLE_OBJC_ARC = YES;
				CLANG_ENABLE_OBJC_WEAK = YES;
				CLANG_WARN_BLOCK_CAPTURE_AUTORELEASING = YES;
				CLANG_WARN_BOOL_CONVERSION = YES;
				CLANG_WARN_COMMA = YES;
				CLANG_WARN_CONSTANT_CONVERSION = YES;
				CLANG_WARN_DEPRECATED_OBJC_IMPLEMENTATIONS = YES;
				CLANG_WARN_DIRECT_OBJC_ISA_USAGE = YES_ERROR;
				CLANG_WARN_DOCUMENTATION_COMMENTS = YES;
				CLANG_WARN_EMPTY_BODY = YES;
				CLANG_WARN_ENUM_CONVERSION = YES;
				CLANG_WARN_INFINITE_RECURSION = YES;
				CLANG_WARN_INT_CONVERSION = YES;
				CLANG_WARN_NON_LITERAL_NULL_CONVERSION = YES;
				CLANG_WARN_OBJC_IMPLICIT_RETAIN_SELF = YES;
				CLANG_WARN_OBJC_LITERAL_CONVERSION = YES;
				CLANG_WARN_OBJC_ROOT_CLASS = YES_ERROR;
				CLANG_WARN_RANGE_LOOP_ANALYSIS = YES;
				CLANG_WARN_STRICT_PROTOTYPES = YES;
				CLANG_WARN_SUSPICIOUS_MOVE = YES;
				CLANG_WARN_UNGUARDED_AVAILABILITY = YES_AGGRESSIVE;
				CLANG_WARN_UNREACHABLE_CODE = YES;
				CLANG_WARN__DUPLICATE_METHOD_MATCH = YES;
				COPY_PHASE_STRIP = NO;
				DEBUG_INFORMATION_FORMAT = dwarf;
				ENABLE_STRICT_OBJC_MSGSEND = YES;
				ENABLE_TESTABILITY = YES;
				GCC_C_LANGUAGE_STANDARD = gnu11;
				GCC_DYNAMIC_NO_PIC = NO;
				GCC_NO_COMMON_BLOCKS = YES;
				GCC_OPTIMIZATION_LEVEL = 0;
				GCC_PREPROCESSOR_DEFINITIONS = (
					"DEBUG=1",
					"$(inherited)",
				);
				GCC_WARN_64_TO_32_BIT_CONVERSION = YES;
				GCC_WARN_ABOUT_RETURN_TYPE = YES_ERROR;
				GCC_WARN_UNDECLARED_SELECTOR = YES;
				GCC_WARN_UNINITIALIZED_AUTOS = YES_AGGRESSIVE;
				GCC_WARN_UNUSED_FUNCTION = YES;
				GCC_WARN_UNUSED_VARIABLE = YES;
				MACOSX_DEPLOYMENT_TARGET = 10.15;
				MTL_ENABLE_DEBUG_INFO = INCLUDE_SOURCE;
				MTL_FAST_MATH = YES;
				ONLY_ACTIVE_ARCH = YES;
				SDKROOT = macosx;
			};
			name = Debug;
		};
		156E6374245578A500CF04A0 /* Release */ = {
			isa = XCBuildConfiguration;
			buildSettings = {
				ALWAYS_SEARCH_USER_PATHS = NO;
				CLANG_ANALYZER_NONNULL = YES;
				CLANG_ANALYZER_NUMBER_OBJECT_CONVERSION = YES_AGGRESSIVE;
				CLANG_CXX_LANGUAGE_STANDARD = "gnu++14";
				CLANG_CXX_LIBRARY = "libc++";
				CLANG_ENABLE_MODULES = YES;
				CLANG_ENABLE_OBJC_ARC = YES;
				CLANG_ENABLE_OBJC_WEAK = YES;
				CLANG_WARN_BLOCK_CAPTURE_AUTORELEASING = YES;
				CLANG_WARN_BOOL_CONVERSION = YES;
				CLANG_WARN_COMMA = YES;
				CLANG_WARN_CONSTANT_CONVERSION = YES;
				CLANG_WARN_DEPRECATED_OBJC_IMPLEMENTATIONS = YES;
				CLANG_WARN_DIRECT_OBJC_ISA_USAGE = YES_ERROR;
				CLANG_WARN_DOCUMENTATION_COMMENTS = YES;
				CLANG_WARN_EMPTY_BODY = YES;
				CLANG_WARN_ENUM_CONVERSION = YES;
				CLANG_WARN_INFINITE_RECURSION = YES;
				CLANG_WARN_INT_CONVERSION = YES;
				CLANG_WARN_NON_LITERAL_NULL_CONVERSION = YES;
				CLANG_WARN_OBJC_IMPLICIT_RETAIN_SELF = YES;
				CLANG_WARN_OBJC_LITERAL_CONVERSION = YES;
				CLANG_WARN_OBJC_ROOT_CLASS = YES_ERROR;
				CLANG_WARN_RANGE_LOOP_ANALYSIS = YES;
				CLANG_WARN_STRICT_PROTOTYPES = YES;
				CLANG_WARN_SUSPICIOUS_MOVE = YES;
				CLANG_WARN_UNGUARDED_AVAILABILITY = YES_AGGRESSIVE;
				CLANG_WARN_UNREACHABLE_CODE = YES;
				CLANG_WARN__DUPLICATE_METHOD_MATCH = YES;
				COPY_PHASE_STRIP = NO;
				DEBUG_INFORMATION_FORMAT = "dwarf-with-dsym";
				ENABLE_NS_ASSERTIONS = NO;
				ENABLE_STRICT_OBJC_MSGSEND = YES;
				GCC_C_LANGUAGE_STANDARD = gnu11;
				GCC_NO_COMMON_BLOCKS = YES;
				GCC_WARN_64_TO_32_BIT_CONVERSION = YES;
				GCC_WARN_ABOUT_RETURN_TYPE = YES_ERROR;
				GCC_WARN_UNDECLARED_SELECTOR = YES;
				GCC_WARN_UNINITIALIZED_AUTOS = YES_AGGRESSIVE;
				GCC_WARN_UNUSED_FUNCTION = YES;
				GCC_WARN_UNUSED_VARIABLE = YES;
				MACOSX_DEPLOYMENT_TARGET = 10.15;
				MTL_ENABLE_DEBUG_INFO = NO;
				MTL_FAST_MATH = YES;
				SDKROOT = macosx;
			};
			name = Release;
		};
		156E6376245578A500CF04A0 /* Debug */ = {
			isa = XCBuildConfiguration;
			buildSettings = {
				ASSETCATALOG_COMPILER_APPICON_NAME = AppIcon;
				CODE_SIGN_ENTITLEMENTS = OpenGL/OpenGL.entitlements;
				CODE_SIGN_STYLE = Automatic;
				COMBINE_HIDPI_IMAGES = YES;
				HEADER_SEARCH_PATHS = "$(PROJECT_DIR)/OpenGL/include";
				INFOPLIST_FILE = OpenGL/Info.plist;
				LD_RUNPATH_SEARCH_PATHS = (
					"$(inherited)",
					"@executable_path/../Frameworks",
				);
				LIBRARY_SEARCH_PATHS = (
					"$(inherited)",
					"$(PROJECT_DIR)",
				);
				PRODUCT_BUNDLE_IDENTIFIER = opengl.OpenGL;
				PRODUCT_NAME = "$(TARGET_NAME)";
			};
			name = Debug;
		};
		156E6377245578A500CF04A0 /* Release */ = {
			isa = XCBuildConfiguration;
			buildSettings = {
				ASSETCATALOG_COMPILER_APPICON_NAME = AppIcon;
				CODE_SIGN_ENTITLEMENTS = OpenGL/OpenGL.entitlements;
				CODE_SIGN_STYLE = Automatic;
				COMBINE_HIDPI_IMAGES = YES;
				HEADER_SEARCH_PATHS = "$(PROJECT_DIR)/OpenGL/include";
				INFOPLIST_FILE = OpenGL/Info.plist;
				LD_RUNPATH_SEARCH_PATHS = (
					"$(inherited)",
					"@executable_path/../Frameworks",
				);
				LIBRARY_SEARCH_PATHS = (
					"$(inherited)",
					"$(PROJECT_DIR)",
				);
				PRODUCT_BUNDLE_IDENTIFIER = opengl.OpenGL;
				PRODUCT_NAME = "$(TARGET_NAME)";
			};
			name = Release;
		};
/* End XCBuildConfiguration section */

/* Begin XCConfigurationList section */
		156E635F245578A300CF04A0 /* Build configuration list for PBXProject "OpenGL" */ = {
			isa = XCConfigurationList;
			buildConfigurations = (
				156E6373245578A500CF04A0 /* Debug */,
				156E6374245578A500CF04A0 /* Release */,
			);
			defaultConfigurationIsVisible = 0;
			defaultConfigurationName = Release;
		};
		156E6375245578A500CF04A0 /* Build configuration list for PBXNativeTarget "OpenGL" */ = {
			isa = XCConfigurationList;
			buildConfigurations = (
				156E6376245578A500CF04A0 /* Debug */,
				156E6377245578A500CF04A0 /* Release */,
			);
			defaultConfigurationIsVisible = 0;
			defaultConfigurationName = Release;
		};
/* End XCConfigurationList section */
	};
	rootObject = 156E635C245578A300CF04A0 /* Project object */;
}
