// !$*UTF8*$!
{
	archiveVersion = 1;
	classes = {
	};
	objectVersion = 50;
	objects = {

/* Begin PBXBuildFile section */
		1505A056249B19390066D0D2 /* AppDelegate.m in Sources */ = {isa = PBXBuildFile; fileRef = 1505A055249B19390066D0D2 /* AppDelegate.m */; };
		1505A059249B19390066D0D2 /* SceneDelegate.m in Sources */ = {isa = PBXBuildFile; fileRef = 1505A058249B19390066D0D2 /* SceneDelegate.m */; };
		1505A05C249B19390066D0D2 /* ViewController.m in Sources */ = {isa = PBXBuildFile; fileRef = 1505A05B249B19390066D0D2 /* ViewController.m */; };
		1505A05F249B19390066D0D2 /* Main.storyboard in Resources */ = {isa = PBXBuildFile; fileRef = 1505A05D249B19390066D0D2 /* Main.storyboard */; };
		1505A061249B193D0066D0D2 /* Assets.xcassets in Resources */ = {isa = PBXBuildFile; fileRef = 1505A060249B193D0066D0D2 /* Assets.xcassets */; };
		1505A064249B193D0066D0D2 /* LaunchScreen.storyboard in Resources */ = {isa = PBXBuildFile; fileRef = 1505A062249B193D0066D0D2 /* LaunchScreen.storyboard */; };
		1505A067249B193D0066D0D2 /* main.m in Sources */ = {isa = PBXBuildFile; fileRef = 1505A066249B193D0066D0D2 /* main.m */; };
		1505A06F249B1E6C0066D0D2 /* ImageViewController.m in Sources */ = {isa = PBXBuildFile; fileRef = 1505A06E249B1E6C0066D0D2 /* ImageViewController.m */; };
		1505A071249B328E0066D0D2 /* kunkun.jpg in Resources */ = {isa = PBXBuildFile; fileRef = 1505A070249B328E0066D0D2 /* kunkun.jpg */; };
		1505A074249B386E0066D0D2 /* CubeViewController.m in Sources */ = {isa = PBXBuildFile; fileRef = 1505A073249B386E0066D0D2 /* CubeViewController.m */; };
		1505A08024A1FCC90066D0D2 /* GLSLImageViewController.m in Sources */ = {isa = PBXBuildFile; fileRef = 1505A07F24A1FCC90066D0D2 /* GLSLImageViewController.m */; };
		1505A08324A1FCDA0066D0D2 /* SDView.m in Sources */ = {isa = PBXBuildFile; fileRef = 1505A08224A1FCDA0066D0D2 /* SDView.m */; };
		1505A08524A2102D0066D0D2 /* shaderv.vs in Resources */ = {isa = PBXBuildFile; fileRef = 1505A08424A2102D0066D0D2 /* shaderv.vs */; };
		1505A08724A2106D0066D0D2 /* shaderf.fs in Resources */ = {isa = PBXBuildFile; fileRef = 1505A08624A2106D0066D0D2 /* shaderf.fs */; };
/* End PBXBuildFile section */

/* Begin PBXFileReference section */
		1505A051249B19390066D0D2 /* OpenGL ES.app */ = {isa = PBXFileReference; explicitFileType = wrapper.application; includeInIndex = 0; path = "OpenGL ES.app"; sourceTree = BUILT_PRODUCTS_DIR; };
		1505A054249B19390066D0D2 /* AppDelegate.h */ = {isa = PBXFileReference; lastKnownFileType = sourcecode.c.h; path = AppDelegate.h; sourceTree = "<group>"; };
		1505A055249B19390066D0D2 /* AppDelegate.m */ = {isa = PBXFileReference; lastKnownFileType = sourcecode.c.objc; path = AppDelegate.m; sourceTree = "<group>"; };
		1505A057249B19390066D0D2 /* SceneDelegate.h */ = {isa = PBXFileReference; lastKnownFileType = sourcecode.c.h; path = SceneDelegate.h; sourceTree = "<group>"; };
		1505A058249B19390066D0D2 /* SceneDelegate.m */ = {isa = PBXFileReference; lastKnownFileType = sourcecode.c.objc; path = SceneDelegate.m; sourceTree = "<group>"; };
		1505A05A249B19390066D0D2 /* ViewController.h */ = {isa = PBXFileReference; lastKnownFileType = sourcecode.c.h; path = ViewController.h; sourceTree = "<group>"; };
		1505A05B249B19390066D0D2 /* ViewController.m */ = {isa = PBXFileReference; lastKnownFileType = sourcecode.c.objc; path = ViewController.m; sourceTree = "<group>"; };
		1505A05E249B19390066D0D2 /* Base */ = {isa = PBXFileReference; lastKnownFileType = file.storyboard; name = Base; path = Base.lproj/Main.storyboard; sourceTree = "<group>"; };
		1505A060249B193D0066D0D2 /* Assets.xcassets */ = {isa = PBXFileReference; lastKnownFileType = folder.assetcatalog; path = Assets.xcassets; sourceTree = "<group>"; };
		1505A063249B193D0066D0D2 /* Base */ = {isa = PBXFileReference; lastKnownFileType = file.storyboard; name = Base; path = Base.lproj/LaunchScreen.storyboard; sourceTree = "<group>"; };
		1505A065249B193D0066D0D2 /* Info.plist */ = {isa = PBXFileReference; lastKnownFileType = text.plist.xml; path = Info.plist; sourceTree = "<group>"; };
		1505A066249B193D0066D0D2 /* main.m */ = {isa = PBXFileReference; lastKnownFileType = sourcecode.c.objc; path = main.m; sourceTree = "<group>"; };
		1505A06D249B1E6C0066D0D2 /* ImageViewController.h */ = {isa = PBXFileReference; lastKnownFileType = sourcecode.c.h; path = ImageViewController.h; sourceTree = "<group>"; };
		1505A06E249B1E6C0066D0D2 /* ImageViewController.m */ = {isa = PBXFileReference; lastKnownFileType = sourcecode.c.objc; path = ImageViewController.m; sourceTree = "<group>"; };
		1505A070249B328E0066D0D2 /* kunkun.jpg */ = {isa = PBXFileReference; lastKnownFileType = image.jpeg; path = kunkun.jpg; sourceTree = "<group>"; };
		1505A072249B386E0066D0D2 /* CubeViewController.h */ = {isa = PBXFileReference; lastKnownFileType = sourcecode.c.h; path = CubeViewController.h; sourceTree = "<group>"; };
		1505A073249B386E0066D0D2 /* CubeViewController.m */ = {isa = PBXFileReference; lastKnownFileType = sourcecode.c.objc; path = CubeViewController.m; sourceTree = "<group>"; };
		1505A07E24A1FCC90066D0D2 /* GLSLImageViewController.h */ = {isa = PBXFileReference; lastKnownFileType = sourcecode.c.h; path = GLSLImageViewController.h; sourceTree = "<group>"; };
		1505A07F24A1FCC90066D0D2 /* GLSLImageViewController.m */ = {isa = PBXFileReference; lastKnownFileType = sourcecode.c.objc; path = GLSLImageViewController.m; sourceTree = "<group>"; };
		1505A08124A1FCDA0066D0D2 /* SDView.h */ = {isa = PBXFileReference; lastKnownFileType = sourcecode.c.h; path = SDView.h; sourceTree = "<group>"; };
		1505A08224A1FCDA0066D0D2 /* SDView.m */ = {isa = PBXFileReference; lastKnownFileType = sourcecode.c.objc; path = SDView.m; sourceTree = "<group>"; };
		1505A08424A2102D0066D0D2 /* shaderv.vs */ = {isa = PBXFileReference; lastKnownFileType = sourcecode.glsl; path = shaderv.vs; sourceTree = "<group>"; };
		1505A08624A2106D0066D0D2 /* shaderf.fs */ = {isa = PBXFileReference; lastKnownFileType = sourcecode.glsl; path = shaderf.fs; sourceTree = "<group>"; };
/* End PBXFileReference section */

/* Begin PBXFrameworksBuildPhase section */
		1505A04E249B19390066D0D2 /* Frameworks */ = {
			isa = PBXFrameworksBuildPhase;
			buildActionMask = 2147483647;
			files = (
			);
			runOnlyForDeploymentPostprocessing = 0;
		};
/* End PBXFrameworksBuildPhase section */

/* Begin PBXGroup section */
		1505A048249B19390066D0D2 = {
			isa = PBXGroup;
			children = (
				1505A053249B19390066D0D2 /* OpenGL ES */,
				1505A052249B19390066D0D2 /* Products */,
			);
			sourceTree = "<group>";
		};
		1505A052249B19390066D0D2 /* Products */ = {
			isa = PBXGroup;
			children = (
				1505A051249B19390066D0D2 /* OpenGL ES.app */,
			);
			name = Products;
			sourceTree = "<group>";
		};
		1505A053249B19390066D0D2 /* OpenGL ES */ = {
			isa = PBXGroup;
			children = (
				1505A054249B19390066D0D2 /* AppDelegate.h */,
				1505A055249B19390066D0D2 /* AppDelegate.m */,
				1505A057249B19390066D0D2 /* SceneDelegate.h */,
				1505A058249B19390066D0D2 /* SceneDelegate.m */,
				1505A05A249B19390066D0D2 /* ViewController.h */,
				1505A05B249B19390066D0D2 /* ViewController.m */,
				1505A06D249B1E6C0066D0D2 /* ImageViewController.h */,
				1505A06E249B1E6C0066D0D2 /* ImageViewController.m */,
				1505A072249B386E0066D0D2 /* CubeViewController.h */,
				1505A073249B386E0066D0D2 /* CubeViewController.m */,
				1505A07E24A1FCC90066D0D2 /* GLSLImageViewController.h */,
				1505A07F24A1FCC90066D0D2 /* GLSLImageViewController.m */,
				1505A08124A1FCDA0066D0D2 /* SDView.h */,
				1505A08224A1FCDA0066D0D2 /* SDView.m */,
				1505A08424A2102D0066D0D2 /* shaderv.vs */,
				1505A08624A2106D0066D0D2 /* shaderf.fs */,
				1505A05D249B19390066D0D2 /* Main.storyboard */,
				1505A060249B193D0066D0D2 /* Assets.xcassets */,
				1505A062249B193D0066D0D2 /* LaunchScreen.storyboard */,
				1505A065249B193D0066D0D2 /* Info.plist */,
				1505A066249B193D0066D0D2 /* main.m */,
				1505A070249B328E0066D0D2 /* kunkun.jpg */,
			);
			path = "OpenGL ES";
			sourceTree = "<group>";
		};
/* End PBXGroup section */

/* Begin PBXNativeTarget section */
		1505A050249B19390066D0D2 /* OpenGL ES */ = {
			isa = PBXNativeTarget;
			buildConfigurationList = 1505A06A249B193D0066D0D2 /* Build configuration list for PBXNativeTarget "OpenGL ES" */;
			buildPhases = (
				1505A04D249B19390066D0D2 /* Sources */,
				1505A04E249B19390066D0D2 /* Frameworks */,
				1505A04F249B19390066D0D2 /* Resources */,
			);
			buildRules = (
			);
			dependencies = (
			);
			name = "OpenGL ES";
			productName = "OpenGL ES";
			productReference = 1505A051249B19390066D0D2 /* OpenGL ES.app */;
			productType = "com.apple.product-type.application";
		};
/* End PBXNativeTarget section */

/* Begin PBXProject section */
		1505A049249B19390066D0D2 /* Project object */ = {
			isa = PBXProject;
			attributes = {
				LastUpgradeCheck = 1150;
				ORGANIZATIONNAME = apple;
				TargetAttributes = {
					1505A050249B19390066D0D2 = {
						CreatedOnToolsVersion = 11.5;
					};
				};
			};
			buildConfigurationList = 1505A04C249B19390066D0D2 /* Build configuration list for PBXProject "OpenGL ES" */;
			compatibilityVersion = "Xcode 9.3";
			developmentRegion = en;
			hasScannedForEncodings = 0;
			knownRegions = (
				en,
				Base,
			);
			mainGroup = 1505A048249B19390066D0D2;
			productRefGroup = 1505A052249B19390066D0D2 /* Products */;
			projectDirPath = "";
			projectRoot = "";
			targets = (
				1505A050249B19390066D0D2 /* OpenGL ES */,
			);
		};
/* End PBXProject section */

/* Begin PBXResourcesBuildPhase section */
		1505A04F249B19390066D0D2 /* Resources */ = {
			isa = PBXResourcesBuildPhase;
			buildActionMask = 2147483647;
			files = (
				1505A08724A2106D0066D0D2 /* shaderf.fs in Resources */,
				1505A08524A2102D0066D0D2 /* shaderv.vs in Resources */,
				1505A064249B193D0066D0D2 /* LaunchScreen.storyboard in Resources */,
				1505A071249B328E0066D0D2 /* kunkun.jpg in Resources */,
				1505A061249B193D0066D0D2 /* Assets.xcassets in Resources */,
				1505A05F249B19390066D0D2 /* Main.storyboard in Resources */,
			);
			runOnlyForDeploymentPostprocessing = 0;
		};
/* End PBXResourcesBuildPhase section */

/* Begin PBXSourcesBuildPhase section */
		1505A04D249B19390066D0D2 /* Sources */ = {
			isa = PBXSourcesBuildPhase;
			buildActionMask = 2147483647;
			files = (
				1505A06F249B1E6C0066D0D2 /* ImageViewController.m in Sources */,
				1505A074249B386E0066D0D2 /* CubeViewController.m in Sources */,
				1505A08024A1FCC90066D0D2 /* GLSLImageViewController.m in Sources */,
				1505A05C249B19390066D0D2 /* ViewController.m in Sources */,
				1505A056249B19390066D0D2 /* AppDelegate.m in Sources */,
				1505A08324A1FCDA0066D0D2 /* SDView.m in Sources */,
				1505A067249B193D0066D0D2 /* main.m in Sources */,
				1505A059249B19390066D0D2 /* SceneDelegate.m in Sources */,
			);
			runOnlyForDeploymentPostprocessing = 0;
		};
/* End PBXSourcesBuildPhase section */

/* Begin PBXVariantGroup section */
		1505A05D249B19390066D0D2 /* Main.storyboard */ = {
			isa = PBXVariantGroup;
			children = (
				1505A05E249B19390066D0D2 /* Base */,
			);
			name = Main.storyboard;
			sourceTree = "<group>";
		};
		1505A062249B193D0066D0D2 /* LaunchScreen.storyboard */ = {
			isa = PBXVariantGroup;
			children = (
				1505A063249B193D0066D0D2 /* Base */,
			);
			name = LaunchScreen.storyboard;
			sourceTree = "<group>";
		};
/* End PBXVariantGroup section */

/* Begin XCBuildConfiguration section */
		1505A068249B193D0066D0D2 /* Debug */ = {
			isa = XCBuildConfiguration;
			buildSettings = {
				ALWAYS_SEARCH_USER_PATHS = NO;
				CLANG_ANALYZER_NONNULL = YES;
				CLANG_ANALYZER_NUMBER_OBJECT_CONVERSION = YES_AGGRESSIVE;
				CLANG_CXX_LANGUAGE_STANDARD = "gnu++14";
				CLANG_CXX_LIBRARY = "libc++";
				CLANG_ENABLE_MODULES = YES;
				CLANG_ENABLE_OBJC_ARC = YES;
				CLANG_ENABLE_OBJC_WEAK = YES;
				CLANG_WARN_BLOCK_CAPTURE_AUTORELEASING = YES;
				CLANG_WARN_BOOL_CONVERSION = YES;
				CLANG_WARN_COMMA = YES;
				CLANG_WARN_CONSTANT_CONVERSION = YES;
				CLANG_WARN_DEPRECATED_OBJC_IMPLEMENTATIONS = YES;
				CLANG_WARN_DIRECT_OBJC_ISA_USAGE = YES_ERROR;
				CLANG_WARN_DOCUMENTATION_COMMENTS = YES;
				CLANG_WARN_EMPTY_BODY = YES;
				CLANG_WARN_ENUM_CONVERSION = YES;
				CLANG_WARN_INFINITE_RECURSION = YES;
				CLANG_WARN_INT_CONVERSION = YES;
				CLANG_WARN_NON_LITERAL_NULL_CONVERSION = YES;
				CLANG_WARN_OBJC_IMPLICIT_RETAIN_SELF = YES;
				CLANG_WARN_OBJC_LITERAL_CONVERSION = YES;
				CLANG_WARN_OBJC_ROOT_CLASS = YES_ERROR;
				CLANG_WARN_RANGE_LOOP_ANALYSIS = YES;
				CLANG_WARN_STRICT_PROTOTYPES = YES;
				CLANG_WARN_SUSPICIOUS_MOVE = YES;
				CLANG_WARN_UNGUARDED_AVAILABILITY = YES_AGGRESSIVE;
				CLANG_WARN_UNREACHABLE_CODE = YES;
				CLANG_WARN__DUPLICATE_METHOD_MATCH = YES;
				COPY_PHASE_STRIP = NO;
				DEBUG_INFORMATION_FORMAT = dwarf;
				ENABLE_STRICT_OBJC_MSGSEND = YES;
				ENABLE_TESTABILITY = YES;
				GCC_C_LANGUAGE_STANDARD = gnu11;
				GCC_DYNAMIC_NO_PIC = NO;
				GCC_NO_COMMON_BLOCKS = YES;
				GCC_OPTIMIZATION_LEVEL = 0;
				GCC_PREPROCESSOR_DEFINITIONS = (
					"DEBUG=1",
					"$(inherited)",
				);
				GCC_WARN_64_TO_32_BIT_CONVERSION = YES;
				GCC_WARN_ABOUT_RETURN_TYPE = YES_ERROR;
				GCC_WARN_UNDECLARED_SELECTOR = YES;
				GCC_WARN_UNINITIALIZED_AUTOS = YES_AGGRESSIVE;
				GCC_WARN_UNUSED_FUNCTION = YES;
				GCC_WARN_UNUSED_VARIABLE = YES;
				IPHONEOS_DEPLOYMENT_TARGET = 13.5;
				MTL_ENABLE_DEBUG_INFO = INCLUDE_SOURCE;
				MTL_FAST_MATH = YES;
				ONLY_ACTIVE_ARCH = YES;
				SDKROOT = iphoneos;
			};
			name = Debug;
		};
		1505A069249B193D0066D0D2 /* Release */ = {
			isa = XCBuildConfiguration;
			buildSettings = {
				ALWAYS_SEARCH_USER_PATHS = NO;
				CLANG_ANALYZER_NONNULL = YES;
				CLANG_ANALYZER_NUMBER_OBJECT_CONVERSION = YES_AGGRESSIVE;
				CLANG_CXX_LANGUAGE_STANDARD = "gnu++14";
				CLANG_CXX_LIBRARY = "libc++";
				CLANG_ENABLE_MODULES = YES;
				CLANG_ENABLE_OBJC_ARC = YES;
				CLANG_ENABLE_OBJC_WEAK = YES;
				CLANG_WARN_BLOCK_CAPTURE_AUTORELEASING = YES;
				CLANG_WARN_BOOL_CONVERSION = YES;
				CLANG_WARN_COMMA = YES;
				CLANG_WARN_CONSTANT_CONVERSION = YES;
				CLANG_WARN_DEPRECATED_OBJC_IMPLEMENTATIONS = YES;
				CLANG_WARN_DIRECT_OBJC_ISA_USAGE = YES_ERROR;
				CLANG_WARN_DOCUMENTATION_COMMENTS = YES;
				CLANG_WARN_EMPTY_BODY = YES;
				CLANG_WARN_ENUM_CONVERSION = YES;
				CLANG_WARN_INFINITE_RECURSION = YES;
				CLANG_WARN_INT_CONVERSION = YES;
				CLANG_WARN_NON_LITERAL_NULL_CONVERSION = YES;
				CLANG_WARN_OBJC_IMPLICIT_RETAIN_SELF = YES;
				CLANG_WARN_OBJC_LITERAL_CONVERSION = YES;
				CLANG_WARN_OBJC_ROOT_CLASS = YES_ERROR;
				CLANG_WARN_RANGE_LOOP_ANALYSIS = YES;
				CLANG_WARN_STRICT_PROTOTYPES = YES;
				CLANG_WARN_SUSPICIOUS_MOVE = YES;
				CLANG_WARN_UNGUARDED_AVAILABILITY = YES_AGGRESSIVE;
				CLANG_WARN_UNREACHABLE_CODE = YES;
				CLANG_WARN__DUPLICATE_METHOD_MATCH = YES;
				COPY_PHASE_STRIP = NO;
				DEBUG_INFORMATION_FORMAT = "dwarf-with-dsym";
				ENABLE_NS_ASSERTIONS = NO;
				ENABLE_STRICT_OBJC_MSGSEND = YES;
				GCC_C_LANGUAGE_STANDARD = gnu11;
				GCC_NO_COMMON_BLOCKS = YES;
				GCC_WARN_64_TO_32_BIT_CONVERSION = YES;
				GCC_WARN_ABOUT_RETURN_TYPE = YES_ERROR;
				GCC_WARN_UNDECLARED_SELECTOR = YES;
				GCC_WARN_UNINITIALIZED_AUTOS = YES_AGGRESSIVE;
				GCC_WARN_UNUSED_FUNCTION = YES;
				GCC_WARN_UNUSED_VARIABLE = YES;
				IPHONEOS_DEPLOYMENT_TARGET = 13.5;
				MTL_ENABLE_DEBUG_INFO = NO;
				MTL_FAST_MATH = YES;
				SDKROOT = iphoneos;
				VALIDATE_PRODUCT = YES;
			};
			name = Release;
		};
		1505A06B249B193D0066D0D2 /* Debug */ = {
			isa = XCBuildConfiguration;
			buildSettings = {
				ASSETCATALOG_COMPILER_APPICON_NAME = AppIcon;
				CODE_SIGN_STYLE = Automatic;
				INFOPLIST_FILE = "OpenGL ES/Info.plist";
				IPHONEOS_DEPLOYMENT_TARGET = 10.0;
				LD_RUNPATH_SEARCH_PATHS = (
					"$(inherited)",
					"@executable_path/Frameworks",
				);
				PRODUCT_BUNDLE_IDENTIFIER = "opengl.OpenGL-ES";
				PRODUCT_NAME = "$(TARGET_NAME)";
				TARGETED_DEVICE_FAMILY = "1,2";
			};
			name = Debug;
		};
		1505A06C249B193D0066D0D2 /* Release */ = {
			isa = XCBuildConfiguration;
			buildSettings = {
				ASSETCATALOG_COMPILER_APPICON_NAME = AppIcon;
				CODE_SIGN_STYLE = Automatic;
				INFOPLIST_FILE = "OpenGL ES/Info.plist";
				IPHONEOS_DEPLOYMENT_TARGET = 10.0;
				LD_RUNPATH_SEARCH_PATHS = (
					"$(inherited)",
					"@executable_path/Frameworks",
				);
				PRODUCT_BUNDLE_IDENTIFIER = "opengl.OpenGL-ES";
				PRODUCT_NAME = "$(TARGET_NAME)";
				TARGETED_DEVICE_FAMILY = "1,2";
			};
			name = Release;
		};
/* End XCBuildConfiguration section */

/* Begin XCConfigurationList section */
		1505A04C249B19390066D0D2 /* Build configuration list for PBXProject "OpenGL ES" */ = {
			isa = XCConfigurationList;
			buildConfigurations = (
				1505A068249B193D0066D0D2 /* Debug */,
				1505A069249B193D0066D0D2 /* Release */,
			);
			defaultConfigurationIsVisible = 0;
			defaultConfigurationName = Release;
		};
		1505A06A249B193D0066D0D2 /* Build configuration list for PBXNativeTarget "OpenGL ES" */ = {
			isa = XCConfigurationList;
			buildConfigurations = (
				1505A06B249B193D0066D0D2 /* Debug */,
				1505A06C249B193D0066D0D2 /* Release */,
			);
			defaultConfigurationIsVisible = 0;
			defaultConfigurationName = Release;
		};
/* End XCConfigurationList section */
	};
	rootObject = 1505A049249B19390066D0D2 /* Project object */;
}
