// !$*UTF8*$!
{
	archiveVersion = 1;
	classes = {
	};
	objectVersion = 50;
	objects = {

/* Begin PBXBuildFile section */
		2215150C22F4509000FD5D4F /* main.cpp in Sources */ = {isa = PBXBuildFile; fileRef = 2215150B22F4509000FD5D4F /* main.cpp */; };
		225CF07A22FC1894009F09AE /* colors.cpp in Sources */ = {isa = PBXBuildFile; fileRef = 225CF07922FC1894009F09AE /* colors.cpp */; };
		225CF08322FC1AA6009F09AE /* basic_lighting.cpp in Sources */ = {isa = PBXBuildFile; fileRef = 225CF08222FC1AA6009F09AE /* basic_lighting.cpp */; };
		22A796DA22F53FE100B6221C /* stb_image.cpp in Sources */ = {isa = PBXBuildFile; fileRef = 22A796D822F53FE100B6221C /* stb_image.cpp */; };
		22A796DB22F53FE100B6221C /* glad.c in Sources */ = {isa = PBXBuildFile; fileRef = 22A796D922F53FE100B6221C /* glad.c */; };
		22A798B522F54A1500B6221C /* triangles.cpp in Sources */ = {isa = PBXBuildFile; fileRef = 22A798B422F54A1500B6221C /* triangles.cpp */; };
		22A798B722F54AA300B6221C /* libglfw.3.3.dylib in Frameworks */ = {isa = PBXBuildFile; fileRef = 22A796D422F53B9400B6221C /* libglfw.3.3.dylib */; };
		22A798B822F54AA700B6221C /* libGLEW.2.1.0.dylib in Frameworks */ = {isa = PBXBuildFile; fileRef = 22A796D022F53B9300B6221C /* libGLEW.2.1.0.dylib */; };
		22A798B922F54AAA00B6221C /* libassimp.4.1.0.dylib in Frameworks */ = {isa = PBXBuildFile; fileRef = 22A796D222F53B9300B6221C /* libassimp.4.1.0.dylib */; };
		22A798BD22F7FAD300B6221C /* shader_c.cpp in Sources */ = {isa = PBXBuildFile; fileRef = 22A798BB22F7FAD300B6221C /* shader_c.cpp */; };
		22A798C322F816A400B6221C /* texture.cpp in Sources */ = {isa = PBXBuildFile; fileRef = 22A798C122F816A400B6221C /* texture.cpp */; };
		22A798CA22F9311000B6221C /* transform.cpp in Sources */ = {isa = PBXBuildFile; fileRef = 22A798C922F9311000B6221C /* transform.cpp */; };
		22A798CD22F94F3C00B6221C /* coordinate_systems.cpp in Sources */ = {isa = PBXBuildFile; fileRef = 22A798CB22F94F3C00B6221C /* coordinate_systems.cpp */; };
		22A798D822FAAC6600B6221C /* camera_c.cpp in Sources */ = {isa = PBXBuildFile; fileRef = 22A798D622FAAC6600B6221C /* camera_c.cpp */; };
/* End PBXBuildFile section */

/* Begin PBXCopyFilesBuildPhase section */
		2215150622F4509000FD5D4F /* CopyFiles */ = {
			isa = PBXCopyFilesBuildPhase;
			buildActionMask = 2147483647;
			dstPath = /usr/share/man/man1/;
			dstSubfolderSpec = 0;
			files = (
			);
			runOnlyForDeploymentPostprocessing = 1;
		};
/* End PBXCopyFilesBuildPhase section */

/* Begin PBXFileReference section */
		2215150822F4509000FD5D4F /* LearnOpenGL */ = {isa = PBXFileReference; explicitFileType = "compiled.mach-o.executable"; includeInIndex = 0; path = LearnOpenGL; sourceTree = BUILT_PRODUCTS_DIR; };
		2215150B22F4509000FD5D4F /* main.cpp */ = {isa = PBXFileReference; lastKnownFileType = sourcecode.cpp.cpp; path = main.cpp; sourceTree = "<group>"; };
		225CF07822FC1894009F09AE /* colors.hpp */ = {isa = PBXFileReference; fileEncoding = 4; lastKnownFileType = sourcecode.cpp.h; path = colors.hpp; sourceTree = "<group>"; };
		225CF07922FC1894009F09AE /* colors.cpp */ = {isa = PBXFileReference; fileEncoding = 4; lastKnownFileType = sourcecode.cpp.cpp; path = colors.cpp; sourceTree = "<group>"; };
		225CF07B22FC19C1009F09AE /* 1.colors.vs */ = {isa = PBXFileReference; lastKnownFileType = sourcecode.glsl; path = 1.colors.vs; sourceTree = "<group>"; };
		225CF07C22FC19C1009F09AE /* 1.colors.fs */ = {isa = PBXFileReference; lastKnownFileType = sourcecode.glsl; path = 1.colors.fs; sourceTree = "<group>"; };
		225CF07F22FC1A2D009F09AE /* 1.lamp.fs */ = {isa = PBXFileReference; lastKnownFileType = sourcecode.glsl; path = 1.lamp.fs; sourceTree = "<group>"; };
		225CF08022FC1A2D009F09AE /* 1.lamp.vs */ = {isa = PBXFileReference; lastKnownFileType = sourcecode.glsl; path = 1.lamp.vs; sourceTree = "<group>"; };
		225CF08122FC1AA6009F09AE /* basic_lighting.hpp */ = {isa = PBXFileReference; fileEncoding = 4; lastKnownFileType = sourcecode.cpp.h; path = basic_lighting.hpp; sourceTree = "<group>"; };
		225CF08222FC1AA6009F09AE /* basic_lighting.cpp */ = {isa = PBXFileReference; fileEncoding = 4; lastKnownFileType = sourcecode.cpp.cpp; path = basic_lighting.cpp; sourceTree = "<group>"; };
		225CF08422FC1B05009F09AE /* 2.1.lamp.fs */ = {isa = PBXFileReference; lastKnownFileType = sourcecode.glsl; path = 2.1.lamp.fs; sourceTree = "<group>"; };
		225CF08522FC1B05009F09AE /* 2.2.basic_lighting.vs */ = {isa = PBXFileReference; lastKnownFileType = sourcecode.glsl; path = 2.2.basic_lighting.vs; sourceTree = "<group>"; };
		225CF08622FC1B06009F09AE /* 2.1.lamp.vs */ = {isa = PBXFileReference; lastKnownFileType = sourcecode.glsl; path = 2.1.lamp.vs; sourceTree = "<group>"; };
		225CF08722FC1B06009F09AE /* 2.1.basic_lighting.fs */ = {isa = PBXFileReference; lastKnownFileType = sourcecode.glsl; path = 2.1.basic_lighting.fs; sourceTree = "<group>"; };
		225CF08822FC1B06009F09AE /* 2.2.basic_lighting.fs */ = {isa = PBXFileReference; lastKnownFileType = sourcecode.glsl; path = 2.2.basic_lighting.fs; sourceTree = "<group>"; };
		225CF08922FC1B06009F09AE /* 2.1.basic_lighting.vs */ = {isa = PBXFileReference; lastKnownFileType = sourcecode.glsl; path = 2.1.basic_lighting.vs; sourceTree = "<group>"; };
		22A796D022F53B9300B6221C /* libGLEW.2.1.0.dylib */ = {isa = PBXFileReference; lastKnownFileType = "compiled.mach-o.dylib"; path = libGLEW.2.1.0.dylib; sourceTree = "<group>"; };
		22A796D222F53B9300B6221C /* libassimp.4.1.0.dylib */ = {isa = PBXFileReference; lastKnownFileType = "compiled.mach-o.dylib"; path = libassimp.4.1.0.dylib; sourceTree = "<group>"; };
		22A796D422F53B9400B6221C /* libglfw.3.3.dylib */ = {isa = PBXFileReference; lastKnownFileType = "compiled.mach-o.dylib"; path = libglfw.3.3.dylib; sourceTree = "<group>"; };
		22A796D822F53FE100B6221C /* stb_image.cpp */ = {isa = PBXFileReference; fileEncoding = 4; lastKnownFileType = sourcecode.cpp.cpp; path = stb_image.cpp; sourceTree = "<group>"; };
		22A796D922F53FE100B6221C /* glad.c */ = {isa = PBXFileReference; fileEncoding = 4; lastKnownFileType = sourcecode.c.c; path = glad.c; sourceTree = "<group>"; };
		22A796DE22F5402C00B6221C /* stb_image.h */ = {isa = PBXFileReference; fileEncoding = 4; lastKnownFileType = sourcecode.c.h; path = stb_image.h; sourceTree = "<group>"; };
		22A7989A22F549B500B6221C /* container.jpg */ = {isa = PBXFileReference; lastKnownFileType = image.jpeg; path = container.jpg; sourceTree = "<group>"; };
		22A7989B22F549B500B6221C /* metal.png */ = {isa = PBXFileReference; lastKnownFileType = image.png; path = metal.png; sourceTree = "<group>"; };
		22A7989C22F549B500B6221C /* toy_box_disp.png */ = {isa = PBXFileReference; lastKnownFileType = image.png; path = toy_box_disp.png; sourceTree = "<group>"; };
		22A7989D22F549B500B6221C /* container2_specular.png */ = {isa = PBXFileReference; lastKnownFileType = image.png; path = container2_specular.png; sourceTree = "<group>"; };
		22A7989E22F549B500B6221C /* bricks2_disp.jpg */ = {isa = PBXFileReference; lastKnownFileType = image.jpeg; path = bricks2_disp.jpg; sourceTree = "<group>"; };
		22A7989F22F549B500B6221C /* brickwall.jpg */ = {isa = PBXFileReference; lastKnownFileType = image.jpeg; path = brickwall.jpg; sourceTree = "<group>"; };
		22A798A022F549B500B6221C /* toy_box_normal.png */ = {isa = PBXFileReference; lastKnownFileType = image.png; path = toy_box_normal.png; sourceTree = "<group>"; };
		22A798A122F549B500B6221C /* wood.png */ = {isa = PBXFileReference; lastKnownFileType = image.png; path = wood.png; sourceTree = "<group>"; };
		22A798A222F549B500B6221C /* matrix.jpg */ = {isa = PBXFileReference; lastKnownFileType = image.jpeg; path = matrix.jpg; sourceTree = "<group>"; };
		22A798A322F549B500B6221C /* brickwall_normal.jpg */ = {isa = PBXFileReference; lastKnownFileType = image.jpeg; path = brickwall_normal.jpg; sourceTree = "<group>"; };
		22A798A422F549B500B6221C /* bricks2_normal.jpg */ = {isa = PBXFileReference; lastKnownFileType = image.jpeg; path = bricks2_normal.jpg; sourceTree = "<group>"; };
		22A798A522F549B500B6221C /* grass.png */ = {isa = PBXFileReference; lastKnownFileType = image.png; path = grass.png; sourceTree = "<group>"; };
		22A798A622F549B500B6221C /* container2.png */ = {isa = PBXFileReference; lastKnownFileType = image.png; path = container2.png; sourceTree = "<group>"; };
		22A798A722F549B500B6221C /* window.png */ = {isa = PBXFileReference; lastKnownFileType = image.png; path = window.png; sourceTree = "<group>"; };
		22A798A822F549B500B6221C /* awesomeface.png */ = {isa = PBXFileReference; lastKnownFileType = image.png; path = awesomeface.png; sourceTree = "<group>"; };
		22A798AA22F549B500B6221C /* bottom.jpg */ = {isa = PBXFileReference; lastKnownFileType = image.jpeg; path = bottom.jpg; sourceTree = "<group>"; };
		22A798AB22F549B500B6221C /* left.jpg */ = {isa = PBXFileReference; lastKnownFileType = image.jpeg; path = left.jpg; sourceTree = "<group>"; };
		22A798AC22F549B500B6221C /* top.jpg */ = {isa = PBXFileReference; lastKnownFileType = image.jpeg; path = top.jpg; sourceTree = "<group>"; };
		22A798AD22F549B500B6221C /* back.jpg */ = {isa = PBXFileReference; lastKnownFileType = image.jpeg; path = back.jpg; sourceTree = "<group>"; };
		22A798AE22F549B500B6221C /* right.jpg */ = {isa = PBXFileReference; lastKnownFileType = image.jpeg; path = right.jpg; sourceTree = "<group>"; };
		22A798AF22F549B500B6221C /* front.jpg */ = {isa = PBXFileReference; lastKnownFileType = image.jpeg; path = front.jpg; sourceTree = "<group>"; };
		22A798B022F549B500B6221C /* bricks2.jpg */ = {isa = PBXFileReference; lastKnownFileType = image.jpeg; path = bricks2.jpg; sourceTree = "<group>"; };
		22A798B122F549B500B6221C /* marble.jpg */ = {isa = PBXFileReference; lastKnownFileType = image.jpeg; path = marble.jpg; sourceTree = "<group>"; };
		22A798B222F549B500B6221C /* toy_box_diffuse.png */ = {isa = PBXFileReference; lastKnownFileType = image.png; path = toy_box_diffuse.png; sourceTree = "<group>"; };
		22A798B322F54A1500B6221C /* triangles.hpp */ = {isa = PBXFileReference; fileEncoding = 4; lastKnownFileType = sourcecode.cpp.h; path = triangles.hpp; sourceTree = "<group>"; };
		22A798B422F54A1500B6221C /* triangles.cpp */ = {isa = PBXFileReference; fileEncoding = 4; lastKnownFileType = sourcecode.cpp.cpp; path = triangles.cpp; sourceTree = "<group>"; };
		22A798BA22F55D5200B6221C /* shader.h */ = {isa = PBXFileReference; lastKnownFileType = sourcecode.c.h; path = shader.h; sourceTree = "<group>"; };
		22A798BB22F7FAD300B6221C /* shader_c.cpp */ = {isa = PBXFileReference; lastKnownFileType = sourcecode.cpp.cpp; path = shader_c.cpp; sourceTree = "<group>"; };
		22A798BC22F7FAD300B6221C /* shader_c.hpp */ = {isa = PBXFileReference; lastKnownFileType = sourcecode.cpp.h; path = shader_c.hpp; sourceTree = "<group>"; };
		22A798BF22F8011D00B6221C /* 3.1.fragment.fs */ = {isa = PBXFileReference; fileEncoding = 4; lastKnownFileType = sourcecode.glsl; path = 3.1.fragment.fs; sourceTree = "<group>"; };
		22A798C022F8011D00B6221C /* 3.1.vertex.vs */ = {isa = PBXFileReference; fileEncoding = 4; lastKnownFileType = sourcecode.glsl; path = 3.1.vertex.vs; sourceTree = "<group>"; };
		22A798C122F816A400B6221C /* texture.cpp */ = {isa = PBXFileReference; lastKnownFileType = sourcecode.cpp.cpp; path = texture.cpp; sourceTree = "<group>"; };
		22A798C222F816A400B6221C /* texture.hpp */ = {isa = PBXFileReference; lastKnownFileType = sourcecode.cpp.h; path = texture.hpp; sourceTree = "<group>"; };
		22A798C422F816F300B6221C /* 4.1.texture.fs */ = {isa = PBXFileReference; fileEncoding = 4; lastKnownFileType = sourcecode.glsl; path = 4.1.texture.fs; sourceTree = "<group>"; };
		22A798C522F816F300B6221C /* 4.2.texture.vs */ = {isa = PBXFileReference; fileEncoding = 4; lastKnownFileType = sourcecode.glsl; path = 4.2.texture.vs; sourceTree = "<group>"; };
		22A798C622F816F300B6221C /* 4.2.texture.fs */ = {isa = PBXFileReference; fileEncoding = 4; lastKnownFileType = sourcecode.glsl; path = 4.2.texture.fs; sourceTree = "<group>"; };
		22A798C722F816F300B6221C /* 4.1.texture.vs */ = {isa = PBXFileReference; fileEncoding = 4; lastKnownFileType = sourcecode.glsl; path = 4.1.texture.vs; sourceTree = "<group>"; };
		22A798C822F9311000B6221C /* transform.hpp */ = {isa = PBXFileReference; fileEncoding = 4; lastKnownFileType = sourcecode.cpp.h; path = transform.hpp; sourceTree = "<group>"; };
		22A798C922F9311000B6221C /* transform.cpp */ = {isa = PBXFileReference; fileEncoding = 4; lastKnownFileType = sourcecode.cpp.cpp; path = transform.cpp; sourceTree = "<group>"; };
		22A798CB22F94F3C00B6221C /* coordinate_systems.cpp */ = {isa = PBXFileReference; lastKnownFileType = sourcecode.cpp.cpp; path = coordinate_systems.cpp; sourceTree = "<group>"; };
		22A798CC22F94F3C00B6221C /* coordinate_systems.hpp */ = {isa = PBXFileReference; lastKnownFileType = sourcecode.cpp.h; path = coordinate_systems.hpp; sourceTree = "<group>"; };
		22A798CE22F950B400B6221C /* 5.1.transform.vs */ = {isa = PBXFileReference; lastKnownFileType = sourcecode.glsl; path = 5.1.transform.vs; sourceTree = "<group>"; };
		22A798CF22F950B400B6221C /* 6.1.coordinate.fs */ = {isa = PBXFileReference; lastKnownFileType = sourcecode.glsl; path = 6.1.coordinate.fs; sourceTree = "<group>"; };
		22A798D022F950B500B6221C /* 6.1.coordinate.vs */ = {isa = PBXFileReference; lastKnownFileType = sourcecode.glsl; path = 6.1.coordinate.vs; sourceTree = "<group>"; };
		22A798D122F950B500B6221C /* 5.1.transform.fs */ = {isa = PBXFileReference; lastKnownFileType = sourcecode.glsl; path = 5.1.transform.fs; sourceTree = "<group>"; };
		22A798D522FAAA8200B6221C /* camera.h */ = {isa = PBXFileReference; lastKnownFileType = sourcecode.c.h; path = camera.h; sourceTree = "<group>"; };
		22A798D622FAAC6600B6221C /* camera_c.cpp */ = {isa = PBXFileReference; lastKnownFileType = sourcecode.cpp.cpp; path = camera_c.cpp; sourceTree = "<group>"; };
		22A798D722FAAC6600B6221C /* camera_c.hpp */ = {isa = PBXFileReference; lastKnownFileType = sourcecode.cpp.h; path = camera_c.hpp; sourceTree = "<group>"; };
		22A798D922FAAFC600B6221C /* 7.1.camera.vs */ = {isa = PBXFileReference; lastKnownFileType = sourcecode.glsl; path = 7.1.camera.vs; sourceTree = "<group>"; };
		22A798DA22FAAFC600B6221C /* 7.1.camera.fs */ = {isa = PBXFileReference; lastKnownFileType = sourcecode.glsl; path = 7.1.camera.fs; sourceTree = "<group>"; };
/* End PBXFileReference section */

/* Begin PBXFrameworksBuildPhase section */
		2215150522F4509000FD5D4F /* Frameworks */ = {
			isa = PBXFrameworksBuildPhase;
			buildActionMask = 2147483647;
			files = (
				22A798B822F54AA700B6221C /* libGLEW.2.1.0.dylib in Frameworks */,
				22A798B722F54AA300B6221C /* libglfw.3.3.dylib in Frameworks */,
				22A798B922F54AAA00B6221C /* libassimp.4.1.0.dylib in Frameworks */,
			);
			runOnlyForDeploymentPostprocessing = 0;
		};
/* End PBXFrameworksBuildPhase section */

/* Begin PBXGroup section */
		221514FF22F4509000FD5D4F = {
			isa = PBXGroup;
			children = (
				2215150A22F4509000FD5D4F /* LearnOpenGL */,
				2215150922F4509000FD5D4F /* Products */,
			);
			sourceTree = "<group>";
		};
		2215150922F4509000FD5D4F /* Products */ = {
			isa = PBXGroup;
			children = (
				2215150822F4509000FD5D4F /* LearnOpenGL */,
			);
			name = Products;
			sourceTree = "<group>";
		};
		2215150A22F4509000FD5D4F /* LearnOpenGL */ = {
			isa = PBXGroup;
			children = (
				2215150B22F4509000FD5D4F /* main.cpp */,
				22A796CE22F5361100B6221C /* GLSL */,
				22A796CD22F5360400B6221C /* resources */,
				22A796CA22F52EEA00B6221C /* src */,
				22A796CB22F52F1C00B6221C /* includes */,
				22A796CC22F535B400B6221C /* lib */,
			);
			path = LearnOpenGL;
			sourceTree = "<group>";
		};
		225CF07622FC1814009F09AE /* 2.lighting */ = {
			isa = PBXGroup;
			children = (
				225CF07822FC1894009F09AE /* colors.hpp */,
				225CF07922FC1894009F09AE /* colors.cpp */,
				225CF08122FC1AA6009F09AE /* basic_lighting.hpp */,
				225CF08222FC1AA6009F09AE /* basic_lighting.cpp */,
			);
			path = 2.lighting;
			sourceTree = "<group>";
		};
		225CF07722FC1839009F09AE /* 2.lighting */ = {
			isa = PBXGroup;
			children = (
				225CF07C22FC19C1009F09AE /* 1.colors.fs */,
				225CF07B22FC19C1009F09AE /* 1.colors.vs */,
				225CF07F22FC1A2D009F09AE /* 1.lamp.fs */,
				225CF08022FC1A2D009F09AE /* 1.lamp.vs */,
				225CF08722FC1B06009F09AE /* 2.1.basic_lighting.fs */,
				225CF08922FC1B06009F09AE /* 2.1.basic_lighting.vs */,
				225CF08422FC1B05009F09AE /* 2.1.lamp.fs */,
				225CF08622FC1B06009F09AE /* 2.1.lamp.vs */,
				225CF08822FC1B06009F09AE /* 2.2.basic_lighting.fs */,
				225CF08522FC1B05009F09AE /* 2.2.basic_lighting.vs */,
			);
			path = 2.lighting;
			sourceTree = "<group>";
		};
		22A796CA22F52EEA00B6221C /* src */ = {
			isa = PBXGroup;
			children = (
				22A7989822F5491F00B6221C /* 1.getting_started */,
				225CF07622FC1814009F09AE /* 2.lighting */,
				22A796D922F53FE100B6221C /* glad.c */,
				22A796D822F53FE100B6221C /* stb_image.cpp */,
			);
			path = src;
			sourceTree = "<group>";
		};
		22A796CB22F52F1C00B6221C /* includes */ = {
			isa = PBXGroup;
			children = (
				22A796DF22F5402C00B6221C /* learnopengl */,
				22A796DE22F5402C00B6221C /* stb_image.h */,
			);
			path = includes;
			sourceTree = "<group>";
		};
		22A796CC22F535B400B6221C /* lib */ = {
			isa = PBXGroup;
			children = (
				22A796D122F53B9300B6221C /* assimp */,
				22A796CF22F53B9300B6221C /* glew */,
				22A796D322F53B9400B6221C /* glfw */,
			);
			path = lib;
			sourceTree = "<group>";
		};
		22A796CD22F5360400B6221C /* resources */ = {
			isa = PBXGroup;
			children = (
				22A7989922F549B500B6221C /* textures */,
			);
			path = resources;
			sourceTree = "<group>";
		};
		22A796CE22F5361100B6221C /* GLSL */ = {
			isa = PBXGroup;
			children = (
				22A798BE22F8011D00B6221C /* 1.getting_started */,
				225CF07722FC1839009F09AE /* 2.lighting */,
			);
			path = GLSL;
			sourceTree = "<group>";
		};
		22A796CF22F53B9300B6221C /* glew */ = {
			isa = PBXGroup;
			children = (
				22A796D022F53B9300B6221C /* libGLEW.2.1.0.dylib */,
			);
			path = glew;
			sourceTree = "<group>";
		};
		22A796D122F53B9300B6221C /* assimp */ = {
			isa = PBXGroup;
			children = (
				22A796D222F53B9300B6221C /* libassimp.4.1.0.dylib */,
			);
			path = assimp;
			sourceTree = "<group>";
		};
		22A796D322F53B9400B6221C /* glfw */ = {
			isa = PBXGroup;
			children = (
				22A796D422F53B9400B6221C /* libglfw.3.3.dylib */,
			);
			path = glfw;
			sourceTree = "<group>";
		};
		22A796DF22F5402C00B6221C /* learnopengl */ = {
			isa = PBXGroup;
			children = (
				22A798BA22F55D5200B6221C /* shader.h */,
				22A798D522FAAA8200B6221C /* camera.h */,
			);
			path = learnopengl;
			sourceTree = "<group>";
		};
		22A7989822F5491F00B6221C /* 1.getting_started */ = {
			isa = PBXGroup;
			children = (
				22A798B322F54A1500B6221C /* triangles.hpp */,
				22A798B422F54A1500B6221C /* triangles.cpp */,
				22A798BC22F7FAD300B6221C /* shader_c.hpp */,
				22A798BB22F7FAD300B6221C /* shader_c.cpp */,
				22A798C222F816A400B6221C /* texture.hpp */,
				22A798C122F816A400B6221C /* texture.cpp */,
				22A798C822F9311000B6221C /* transform.hpp */,
				22A798C922F9311000B6221C /* transform.cpp */,
				22A798CC22F94F3C00B6221C /* coordinate_systems.hpp */,
				22A798CB22F94F3C00B6221C /* coordinate_systems.cpp */,
				22A798D722FAAC6600B6221C /* camera_c.hpp */,
				22A798D622FAAC6600B6221C /* camera_c.cpp */,
			);
			path = 1.getting_started;
			sourceTree = "<group>";
		};
		22A7989922F549B500B6221C /* textures */ = {
			isa = PBXGroup;
			children = (
				22A7989A22F549B500B6221C /* container.jpg */,
				22A7989B22F549B500B6221C /* metal.png */,
				22A7989C22F549B500B6221C /* toy_box_disp.png */,
				22A7989D22F549B500B6221C /* container2_specular.png */,
				22A7989E22F549B500B6221C /* bricks2_disp.jpg */,
				22A7989F22F549B500B6221C /* brickwall.jpg */,
				22A798A022F549B500B6221C /* toy_box_normal.png */,
				22A798A122F549B500B6221C /* wood.png */,
				22A798A222F549B500B6221C /* matrix.jpg */,
				22A798A322F549B500B6221C /* brickwall_normal.jpg */,
				22A798A422F549B500B6221C /* bricks2_normal.jpg */,
				22A798A522F549B500B6221C /* grass.png */,
				22A798A622F549B500B6221C /* container2.png */,
				22A798A722F549B500B6221C /* window.png */,
				22A798A822F549B500B6221C /* awesomeface.png */,
				22A798A922F549B500B6221C /* skybox */,
				22A798B022F549B500B6221C /* bricks2.jpg */,
				22A798B122F549B500B6221C /* marble.jpg */,
				22A798B222F549B500B6221C /* toy_box_diffuse.png */,
			);
			path = textures;
			sourceTree = "<group>";
		};
		22A798A922F549B500B6221C /* skybox */ = {
			isa = PBXGroup;
			children = (
				22A798AA22F549B500B6221C /* bottom.jpg */,
				22A798AB22F549B500B6221C /* left.jpg */,
				22A798AC22F549B500B6221C /* top.jpg */,
				22A798AD22F549B500B6221C /* back.jpg */,
				22A798AE22F549B500B6221C /* right.jpg */,
				22A798AF22F549B500B6221C /* front.jpg */,
			);
			path = skybox;
			sourceTree = "<group>";
		};
		22A798BE22F8011D00B6221C /* 1.getting_started */ = {
			isa = PBXGroup;
			children = (
				22A798BF22F8011D00B6221C /* 3.1.fragment.fs */,
				22A798C022F8011D00B6221C /* 3.1.vertex.vs */,
				22A798C422F816F300B6221C /* 4.1.texture.fs */,
				22A798C722F816F300B6221C /* 4.1.texture.vs */,
				22A798C622F816F300B6221C /* 4.2.texture.fs */,
				22A798C522F816F300B6221C /* 4.2.texture.vs */,
				22A798D122F950B500B6221C /* 5.1.transform.fs */,
				22A798CE22F950B400B6221C /* 5.1.transform.vs */,
				22A798CF22F950B400B6221C /* 6.1.coordinate.fs */,
				22A798D022F950B500B6221C /* 6.1.coordinate.vs */,
				22A798DA22FAAFC600B6221C /* 7.1.camera.fs */,
				22A798D922FAAFC600B6221C /* 7.1.camera.vs */,
			);
			path = 1.getting_started;
			sourceTree = "<group>";
		};
/* End PBXGroup section */

/* Begin PBXNativeTarget section */
		2215150722F4509000FD5D4F /* LearnOpenGL */ = {
			isa = PBXNativeTarget;
			buildConfigurationList = 2215150F22F4509000FD5D4F /* Build configuration list for PBXNativeTarget "LearnOpenGL" */;
			buildPhases = (
				2215150422F4509000FD5D4F /* Sources */,
				2215150522F4509000FD5D4F /* Frameworks */,
				2215150622F4509000FD5D4F /* CopyFiles */,
			);
			buildRules = (
			);
			dependencies = (
			);
			name = LearnOpenGL;
			productName = LearnOpenGL;
			productReference = 2215150822F4509000FD5D4F /* LearnOpenGL */;
			productType = "com.apple.product-type.tool";
		};
/* End PBXNativeTarget section */

/* Begin PBXProject section */
		2215150022F4509000FD5D4F /* Project object */ = {
			isa = PBXProject;
			attributes = {
				LastUpgradeCheck = 1020;
				ORGANIZATIONNAME = "秀健身";
				TargetAttributes = {
					2215150722F4509000FD5D4F = {
						CreatedOnToolsVersion = 10.2.1;
					};
				};
			};
			buildConfigurationList = 2215150322F4509000FD5D4F /* Build configuration list for PBXProject "LearnOpenGL" */;
			compatibilityVersion = "Xcode 9.3";
			developmentRegion = en;
			hasScannedForEncodings = 0;
			knownRegions = (
				en,
			);
			mainGroup = 221514FF22F4509000FD5D4F;
			productRefGroup = 2215150922F4509000FD5D4F /* Products */;
			projectDirPath = "";
			projectRoot = "";
			targets = (
				2215150722F4509000FD5D4F /* LearnOpenGL */,
			);
		};
/* End PBXProject section */

/* Begin PBXSourcesBuildPhase section */
		2215150422F4509000FD5D4F /* Sources */ = {
			isa = PBXSourcesBuildPhase;
			buildActionMask = 2147483647;
			files = (
				2215150C22F4509000FD5D4F /* main.cpp in Sources */,
				22A798CA22F9311000B6221C /* transform.cpp in Sources */,
				22A798BD22F7FAD300B6221C /* shader_c.cpp in Sources */,
				22A796DA22F53FE100B6221C /* stb_image.cpp in Sources */,
				22A798D822FAAC6600B6221C /* camera_c.cpp in Sources */,
				225CF07A22FC1894009F09AE /* colors.cpp in Sources */,
				22A798C322F816A400B6221C /* texture.cpp in Sources */,
				22A796DB22F53FE100B6221C /* glad.c in Sources */,
				225CF08322FC1AA6009F09AE /* basic_lighting.cpp in Sources */,
				22A798CD22F94F3C00B6221C /* coordinate_systems.cpp in Sources */,
				22A798B522F54A1500B6221C /* triangles.cpp in Sources */,
			);
			runOnlyForDeploymentPostprocessing = 0;
		};
/* End PBXSourcesBuildPhase section */

/* Begin XCBuildConfiguration section */
		2215150D22F4509000FD5D4F /* Debug */ = {
			isa = XCBuildConfiguration;
			buildSettings = {
				ALWAYS_SEARCH_USER_PATHS = NO;
				CLANG_ANALYZER_NONNULL = YES;
				CLANG_ANALYZER_NUMBER_OBJECT_CONVERSION = YES_AGGRESSIVE;
				CLANG_CXX_LANGUAGE_STANDARD = "gnu++14";
				CLANG_CXX_LIBRARY = "libc++";
				CLANG_ENABLE_MODULES = YES;
				CLANG_ENABLE_OBJC_ARC = YES;
				CLANG_ENABLE_OBJC_WEAK = YES;
				CLANG_WARN_BLOCK_CAPTURE_AUTORELEASING = YES;
				CLANG_WARN_BOOL_CONVERSION = YES;
				CLANG_WARN_COMMA = YES;
				CLANG_WARN_CONSTANT_CONVERSION = YES;
				CLANG_WARN_DEPRECATED_OBJC_IMPLEMENTATIONS = YES;
				CLANG_WARN_DIRECT_OBJC_ISA_USAGE = YES_ERROR;
				CLANG_WARN_DOCUMENTATION_COMMENTS = YES;
				CLANG_WARN_EMPTY_BODY = YES;
				CLANG_WARN_ENUM_CONVERSION = YES;
				CLANG_WARN_INFINITE_RECURSION = YES;
				CLANG_WARN_INT_CONVERSION = YES;
				CLANG_WARN_NON_LITERAL_NULL_CONVERSION = YES;
				CLANG_WARN_OBJC_IMPLICIT_RETAIN_SELF = YES;
				CLANG_WARN_OBJC_LITERAL_CONVERSION = YES;
				CLANG_WARN_OBJC_ROOT_CLASS = YES_ERROR;
				CLANG_WARN_RANGE_LOOP_ANALYSIS = YES;
				CLANG_WARN_STRICT_PROTOTYPES = YES;
				CLANG_WARN_SUSPICIOUS_MOVE = YES;
				CLANG_WARN_UNGUARDED_AVAILABILITY = YES_AGGRESSIVE;
				CLANG_WARN_UNREACHABLE_CODE = YES;
				CLANG_WARN__DUPLICATE_METHOD_MATCH = YES;
				CODE_SIGN_IDENTITY = "-";
				COPY_PHASE_STRIP = NO;
				DEBUG_INFORMATION_FORMAT = dwarf;
				ENABLE_STRICT_OBJC_MSGSEND = YES;
				ENABLE_TESTABILITY = YES;
				GCC_C_LANGUAGE_STANDARD = gnu11;
				GCC_DYNAMIC_NO_PIC = NO;
				GCC_NO_COMMON_BLOCKS = YES;
				GCC_OPTIMIZATION_LEVEL = 0;
				GCC_PREPROCESSOR_DEFINITIONS = (
					"DEBUG=1",
					"$(inherited)",
				);
				GCC_WARN_64_TO_32_BIT_CONVERSION = YES;
				GCC_WARN_ABOUT_RETURN_TYPE = YES_ERROR;
				GCC_WARN_UNDECLARED_SELECTOR = YES;
				GCC_WARN_UNINITIALIZED_AUTOS = YES_AGGRESSIVE;
				GCC_WARN_UNUSED_FUNCTION = YES;
				GCC_WARN_UNUSED_VARIABLE = YES;
				MACOSX_DEPLOYMENT_TARGET = 10.14;
				MTL_ENABLE_DEBUG_INFO = INCLUDE_SOURCE;
				MTL_FAST_MATH = YES;
				ONLY_ACTIVE_ARCH = YES;
				SDKROOT = macosx;
			};
			name = Debug;
		};
		2215150E22F4509000FD5D4F /* Release */ = {
			isa = XCBuildConfiguration;
			buildSettings = {
				ALWAYS_SEARCH_USER_PATHS = NO;
				CLANG_ANALYZER_NONNULL = YES;
				CLANG_ANALYZER_NUMBER_OBJECT_CONVERSION = YES_AGGRESSIVE;
				CLANG_CXX_LANGUAGE_STANDARD = "gnu++14";
				CLANG_CXX_LIBRARY = "libc++";
				CLANG_ENABLE_MODULES = YES;
				CLANG_ENABLE_OBJC_ARC = YES;
				CLANG_ENABLE_OBJC_WEAK = YES;
				CLANG_WARN_BLOCK_CAPTURE_AUTORELEASING = YES;
				CLANG_WARN_BOOL_CONVERSION = YES;
				CLANG_WARN_COMMA = YES;
				CLANG_WARN_CONSTANT_CONVERSION = YES;
				CLANG_WARN_DEPRECATED_OBJC_IMPLEMENTATIONS = YES;
				CLANG_WARN_DIRECT_OBJC_ISA_USAGE = YES_ERROR;
				CLANG_WARN_DOCUMENTATION_COMMENTS = YES;
				CLANG_WARN_EMPTY_BODY = YES;
				CLANG_WARN_ENUM_CONVERSION = YES;
				CLANG_WARN_INFINITE_RECURSION = YES;
				CLANG_WARN_INT_CONVERSION = YES;
				CLANG_WARN_NON_LITERAL_NULL_CONVERSION = YES;
				CLANG_WARN_OBJC_IMPLICIT_RETAIN_SELF = YES;
				CLANG_WARN_OBJC_LITERAL_CONVERSION = YES;
				CLANG_WARN_OBJC_ROOT_CLASS = YES_ERROR;
				CLANG_WARN_RANGE_LOOP_ANALYSIS = YES;
				CLANG_WARN_STRICT_PROTOTYPES = YES;
				CLANG_WARN_SUSPICIOUS_MOVE = YES;
				CLANG_WARN_UNGUARDED_AVAILABILITY = YES_AGGRESSIVE;
				CLANG_WARN_UNREACHABLE_CODE = YES;
				CLANG_WARN__DUPLICATE_METHOD_MATCH = YES;
				CODE_SIGN_IDENTITY = "-";
				COPY_PHASE_STRIP = NO;
				DEBUG_INFORMATION_FORMAT = "dwarf-with-dsym";
				ENABLE_NS_ASSERTIONS = NO;
				ENABLE_STRICT_OBJC_MSGSEND = YES;
				GCC_C_LANGUAGE_STANDARD = gnu11;
				GCC_NO_COMMON_BLOCKS = YES;
				GCC_WARN_64_TO_32_BIT_CONVERSION = YES;
				GCC_WARN_ABOUT_RETURN_TYPE = YES_ERROR;
				GCC_WARN_UNDECLARED_SELECTOR = YES;
				GCC_WARN_UNINITIALIZED_AUTOS = YES_AGGRESSIVE;
				GCC_WARN_UNUSED_FUNCTION = YES;
				GCC_WARN_UNUSED_VARIABLE = YES;
				MACOSX_DEPLOYMENT_TARGET = 10.14;
				MTL_ENABLE_DEBUG_INFO = NO;
				MTL_FAST_MATH = YES;
				SDKROOT = macosx;
			};
			name = Release;
		};
		2215151022F4509000FD5D4F /* Debug */ = {
			isa = XCBuildConfiguration;
			buildSettings = {
				CODE_SIGN_STYLE = Automatic;
				EXCLUDED_RECURSIVE_SEARCH_PATH_SUBDIRECTORIES = "*.nib *.lproj *.framework *.gch *.xcode* *.xcassets (*) .DS_Store CVS .svn .git .hg *.pbproj *.pbxproj";
				HEADER_SEARCH_PATHS = (
					"$(inherited)",
					"$(PROJECT_DIR)/LearnOpenGL/includes",
					"$(PROJECT_DIR)/LearnOpenGL/includes/glad",
					"$(PROJECT_DIR)/LearnOpenGL/includes/assimp",
					"$(PROJECT_DIR)/LearnOpenGL/includes/GLEW",
					"$(PROJECT_DIR)/LearnOpenGL/includes/GLFW",
					"$(PROJECT_DIR)/LearnOpenGL/includes/glm",
					"$(PROJECT_DIR)/LearnOpenGL/includes/KHR",
					"$(PROJECT_DIR)/LearnOpenGL/includes/learnopengl",
				);
				LIBRARY_SEARCH_PATHS = (
					"$(inherited)",
					"$(PROJECT_DIR)/LearnOpenGL/lib/glew",
					"$(PROJECT_DIR)/LearnOpenGL/lib/assimp",
					"$(PROJECT_DIR)/LearnOpenGL/lib/glfw",
				);
				PRODUCT_NAME = "$(TARGET_NAME)";
			};
			name = Debug;
		};
		2215151122F4509000FD5D4F /* Release */ = {
			isa = XCBuildConfiguration;
			buildSettings = {
				CODE_SIGN_STYLE = Automatic;
				EXCLUDED_RECURSIVE_SEARCH_PATH_SUBDIRECTORIES = "*.nib *.lproj *.framework *.gch *.xcode* *.xcassets (*) .DS_Store CVS .svn .git .hg *.pbproj *.pbxproj";
				HEADER_SEARCH_PATHS = (
					"$(inherited)",
					"$(PROJECT_DIR)/LearnOpenGL/includes",
					"$(PROJECT_DIR)/LearnOpenGL/includes/glad",
					"$(PROJECT_DIR)/LearnOpenGL/includes/assimp",
					"$(PROJECT_DIR)/LearnOpenGL/includes/GLEW",
					"$(PROJECT_DIR)/LearnOpenGL/includes/GLFW",
					"$(PROJECT_DIR)/LearnOpenGL/includes/glm",
					"$(PROJECT_DIR)/LearnOpenGL/includes/KHR",
					"$(PROJECT_DIR)/LearnOpenGL/includes/learnopengl",
				);
				LIBRARY_SEARCH_PATHS = (
					"$(inherited)",
					"$(PROJECT_DIR)/LearnOpenGL/lib/glew",
					"$(PROJECT_DIR)/LearnOpenGL/lib/assimp",
					"$(PROJECT_DIR)/LearnOpenGL/lib/glfw",
				);
				PRODUCT_NAME = "$(TARGET_NAME)";
			};
			name = Release;
		};
/* End XCBuildConfiguration section */

/* Begin XCConfigurationList section */
		2215150322F4509000FD5D4F /* Build configuration list for PBXProject "LearnOpenGL" */ = {
			isa = XCConfigurationList;
			buildConfigurations = (
				2215150D22F4509000FD5D4F /* Debug */,
				2215150E22F4509000FD5D4F /* Release */,
			);
			defaultConfigurationIsVisible = 0;
			defaultConfigurationName = Release;
		};
		2215150F22F4509000FD5D4F /* Build configuration list for PBXNativeTarget "LearnOpenGL" */ = {
			isa = XCConfigurationList;
			buildConfigurations = (
				2215151022F4509000FD5D4F /* Debug */,
				2215151122F4509000FD5D4F /* Release */,
			);
			defaultConfigurationIsVisible = 0;
			defaultConfigurationName = Release;
		};
/* End XCConfigurationList section */
	};
	rootObject = 2215150022F4509000FD5D4F /* Project object */;
}
